
Microsoft Visual Studio Solution File, Format Version 12.00
# Visual Studio 15
VisualStudioVersion = 15.0.28010.0
MinimumVisualStudioVersion = 10.0.40219.1
Project("{9A19103F-16F7-4668-BE54-9A1E7A4F7556}") = "TaxiFarePrediction", "TaxiFarePrediction\TaxiFarePrediction.csproj", "{5CA1CB01-3A66-439B-93BD-35451AC6118A}"
EndProject
Project("{FAE04EC0-301F-11D3-BF4B-00C04F79EFBC}") = "HousePrice1", "HousePrice1\HousePrice1.csproj", "{ADBAAE0C-4408-4106-9876-B496B421A075}"
EndProject
Project("{FAE04EC0-301F-11D3-BF4B-00C04F79EFBC}") = "GitHubIssueClassification", "GitHubIssueClassification\GitHubIssueClassification.csproj", "{F5D1B895-6CC8-4582-B673-A82C484E38D8}"
EndProject
Project("{FAE04EC0-301F-11D3-BF4B-00C04F79EFBC}") = "IrisFlowerClustering", "IrisFlowerClustering\IrisFlowerClustering.csproj", "{83DA1273-F84A-43AB-BE4E-E5B5FF84E6CF}"
EndProject
Global
	GlobalSection(SolutionConfigurationPlatforms) = preSolution
		Debug|Any CPU = Debug|Any CPU
		Release|Any CPU = Release|Any CPU
	EndGlobalSection
	GlobalSection(ProjectConfigurationPlatforms) = postSolution
		{5CA1CB01-3A66-439B-93BD-35451AC6118A}.Debug|Any CPU.ActiveCfg = Debug|Any CPU
		{5CA1CB01-3A66-439B-93BD-35451AC6118A}.Debug|Any CPU.Build.0 = Debug|Any CPU
		{5CA1CB01-3A66-439B-93BD-35451AC6118A}.Release|Any CPU.ActiveCfg = Release|Any CPU
		{5CA1CB01-3A66-439B-93BD-35451AC6118A}.Release|Any CPU.Build.0 = Release|Any CPU
		{ADBAAE0C-4408-4106-9876-B496B421A075}.Debug|Any CPU.ActiveCfg = Debug|Any CPU
		{ADBAAE0C-4408-4106-9876-B496B421A075}.Debug|Any CPU.Build.0 = Debug|Any CPU
		{ADBAAE0C-4408-4106-9876-B496B421A075}.Release|Any CPU.ActiveCfg = Release|Any CPU
		{ADBAAE0C-4408-4106-9876-B496B421A075}.Release|Any CPU.Build.0 = Release|Any CPU
		{F5D1B895-6CC8-4582-B673-A82C484E38D8}.Debug|Any CPU.ActiveCfg = Debug|Any CPU
		{F5D1B895-6CC8-4582-B673-A82C484E38D8}.Debug|Any CPU.Build.0 = Debug|Any CPU
		{F5D1B895-6CC8-4582-B673-A82C484E38D8}.Release|Any CPU.ActiveCfg = Release|Any CPU
		{F5D1B895-6CC8-4582-B673-A82C484E38D8}.Release|Any CPU.Build.0 = Release|Any CPU
		{83DA1273-F84A-43AB-BE4E-E5B5FF84E6CF}.Debug|Any CPU.ActiveCfg = Debug|Any CPU
		{83DA1273-F84A-43AB-BE4E-E5B5FF84E6CF}.Debug|Any CPU.Build.0 = Debug|Any CPU
		{83DA1273-F84A-43AB-BE4E-E5B5FF84E6CF}.Release|Any CPU.ActiveCfg = Release|Any CPU
		{83DA1273-F84A-43AB-BE4E-E5B5FF84E6CF}.Release|Any CPU.Build.0 = Release|Any CPU
	EndGlobalSection
	GlobalSection(SolutionProperties) = preSolution
		HideSolutionNode = FALSE
	EndGlobalSection
	GlobalSection(ExtensibilityGlobals) = postSolution
		SolutionGuid = {58DB0F67-651E-4433-B269-5C274BCAD74E}
	EndGlobalSection
EndGlobal
